
Microsoft Visual Studio Solution File, Format Version 12.00
# Visual Studio 14
VisualStudioVersion = 14.0.25420.1
MinimumVisualStudioVersion = 10.0.40219.1
Project("{FAE04EC0-301F-11D3-BF4B-00C04F79EFBC}") = "IdiotGui.Core", "IdiotGui.Core\IdiotGui.Core.csproj", "{B55EECF4-054C-47A0-82E4-ACCBF942B7A0}"
EndProject
Project("{FAE04EC0-301F-11D3-BF4B-00C04F79EFBC}") = "IdiotGui.Sample", "IdiotGui.Sample\IdiotGui.Sample.csproj", "{31881E6A-091D-4CB4-B07E-33D347D089BC}"
EndProject
Global
	GlobalSection(SolutionConfigurationPlatforms) = preSolution
		Debug|Any CPU = Debug|Any CPU
		Release|Any CPU = Release|Any CPU
	EndGlobalSection
	GlobalSection(ProjectConfigurationPlatforms) = postSolution
		{B55EECF4-054C-47A0-82E4-ACCBF942B7A0}.Debug|Any CPU.ActiveCfg = Debug|Any CPU
		{B55EECF4-054C-47A0-82E4-ACCBF942B7A0}.Debug|Any CPU.Build.0 = Debug|Any CPU
		{B55EECF4-054C-47A0-82E4-ACCBF942B7A0}.Release|Any CPU.ActiveCfg = Release|Any CPU
		{B55EECF4-054C-47A0-82E4-ACCBF942B7A0}.Release|Any CPU.Build.0 = Release|Any CPU
		{31881E6A-091D-4CB4-B07E-33D347D089BC}.Debug|Any CPU.ActiveCfg = Debug|Any CPU
		{31881E6A-091D-4CB4-B07E-33D347D089BC}.Debug|Any CPU.Build.0 = Debug|Any CPU
		{31881E6A-091D-4CB4-B07E-33D347D089BC}.Release|Any CPU.ActiveCfg = Release|Any CPU
		{31881E6A-091D-4CB4-B07E-33D347D089BC}.Release|Any CPU.Build.0 = Release|Any CPU
	EndGlobalSection
	GlobalSection(SolutionProperties) = preSolution
		HideSolutionNode = FALSE
	EndGlobalSection
EndGlobal
